// !$*UTF8*$!
{
	archiveVersion = 1;
	classes = {
	};
	objectVersion = 46;
	objects = {

/* Begin PBXBuildFile section */
		3F59BBAB1C23397F0019CA47 /* StoryBoardViewController.swift in Sources */ = {isa = PBXBuildFile; fileRef = 3F59BBAA1C23397F0019CA47 /* StoryBoardViewController.swift */; };
		3F59BBAD1C23398F0019CA47 /* ProgrammaticViewController.swift in Sources */ = {isa = PBXBuildFile; fileRef = 3F59BBAC1C23398F0019CA47 /* ProgrammaticViewController.swift */; };
		3F59BBB51C233CCC0019CA47 /* CardViewController.swift in Sources */ = {isa = PBXBuildFile; fileRef = 3F59BBAF1C233CCC0019CA47 /* CardViewController.swift */; };
		3F59BBB61C233CCC0019CA47 /* ImageCardViewController.swift in Sources */ = {isa = PBXBuildFile; fileRef = 3F59BBB01C233CCC0019CA47 /* ImageCardViewController.swift */; };
		3F59BBB71C233CCC0019CA47 /* MaterialButtonViewController.swift in Sources */ = {isa = PBXBuildFile; fileRef = 3F59BBB11C233CCC0019CA47 /* MaterialButtonViewController.swift */; };
		3F59BBB81C233CCC0019CA47 /* MaterialPulseViewController.swift in Sources */ = {isa = PBXBuildFile; fileRef = 3F59BBB21C233CCC0019CA47 /* MaterialPulseViewController.swift */; };
		3F59BBB91C233CCC0019CA47 /* NavBarViewController.swift in Sources */ = {isa = PBXBuildFile; fileRef = 3F59BBB31C233CCC0019CA47 /* NavBarViewController.swift */; };
		3F59BBBA1C233CCC0019CA47 /* SideViewController.swift in Sources */ = {isa = PBXBuildFile; fileRef = 3F59BBB41C233CCC0019CA47 /* SideViewController.swift */; };
		3F59BBC81C233DE90019CA47 /* PCaptureViewController.swift in Sources */ = {isa = PBXBuildFile; fileRef = 3F59BBBC1C233DE90019CA47 /* PCaptureViewController.swift */; };
		3F59BBC91C233DE90019CA47 /* PCardViewController.swift in Sources */ = {isa = PBXBuildFile; fileRef = 3F59BBBD1C233DE90019CA47 /* PCardViewController.swift */; };
		3F59BBCA1C233DE90019CA47 /* ContentKit+UIImage.swift in Sources */ = {isa = PBXBuildFile; fileRef = 3F59BBBE1C233DE90019CA47 /* ContentKit+UIImage.swift */; };
		3F59BBCB1C233DE90019CA47 /* PImageCardViewController.swift in Sources */ = {isa = PBXBuildFile; fileRef = 3F59BBBF1C233DE90019CA47 /* PImageCardViewController.swift */; };
		3F59BBCC1C233DE90019CA47 /* PMaterialButtonViewController.swift in Sources */ = {isa = PBXBuildFile; fileRef = 3F59BBC01C233DE90019CA47 /* PMaterialButtonViewController.swift */; };
		3F59BBCD1C233DE90019CA47 /* PMaterialLayerViewController.swift in Sources */ = {isa = PBXBuildFile; fileRef = 3F59BBC11C233DE90019CA47 /* PMaterialLayerViewController.swift */; };
		3F59BBCE1C233DE90019CA47 /* PMaterialLayoutViewController.swift in Sources */ = {isa = PBXBuildFile; fileRef = 3F59BBC21C233DE90019CA47 /* PMaterialLayoutViewController.swift */; };
		3F59BBCF1C233DE90019CA47 /* PMaterialPulseViewController.swift in Sources */ = {isa = PBXBuildFile; fileRef = 3F59BBC31C233DE90019CA47 /* PMaterialPulseViewController.swift */; };
		3F59BBD11C233DE90019CA47 /* PMaterialViewController.swift in Sources */ = {isa = PBXBuildFile; fileRef = 3F59BBC51C233DE90019CA47 /* PMaterialViewController.swift */; };
		3F59BBD21C233DE90019CA47 /* PNavigationBarViewController.swift in Sources */ = {isa = PBXBuildFile; fileRef = 3F59BBC61C233DE90019CA47 /* PNavigationBarViewController.swift */; };
		3F59BBD31C233DE90019CA47 /* PTextFieldViewController.swift in Sources */ = {isa = PBXBuildFile; fileRef = 3F59BBC71C233DE90019CA47 /* PTextFieldViewController.swift */; };
		3F91A4DC1C1A0AEC00C7A3EB /* AppDelegate.swift in Sources */ = {isa = PBXBuildFile; fileRef = 3F91A4DB1C1A0AEC00C7A3EB /* AppDelegate.swift */; };
		3F91A4DE1C1A0AEC00C7A3EB /* ViewController.swift in Sources */ = {isa = PBXBuildFile; fileRef = 3F91A4DD1C1A0AEC00C7A3EB /* ViewController.swift */; };
		3F91A4E11C1A0AEC00C7A3EB /* Main.storyboard in Resources */ = {isa = PBXBuildFile; fileRef = 3F91A4DF1C1A0AEC00C7A3EB /* Main.storyboard */; };
		3F91A4E31C1A0AEC00C7A3EB /* Assets.xcassets in Resources */ = {isa = PBXBuildFile; fileRef = 3F91A4E21C1A0AEC00C7A3EB /* Assets.xcassets */; };
		3F91A4E61C1A0AEC00C7A3EB /* LaunchScreen.storyboard in Resources */ = {isa = PBXBuildFile; fileRef = 3F91A4E41C1A0AEC00C7A3EB /* LaunchScreen.storyboard */; };
		3F9807F11C1A0E2B000E6BFF /* CardView.storyboard in Resources */ = {isa = PBXBuildFile; fileRef = 3F9807E51C1A0E2B000E6BFF /* CardView.storyboard */; };
		3F9807F21C1A0E2B000E6BFF /* ImageCardView.storyboard in Resources */ = {isa = PBXBuildFile; fileRef = 3F9807E71C1A0E2B000E6BFF /* ImageCardView.storyboard */; };
		3F9807F31C1A0E2B000E6BFF /* MaterialButton.storyboard in Resources */ = {isa = PBXBuildFile; fileRef = 3F9807E91C1A0E2B000E6BFF /* MaterialButton.storyboard */; };
		3F9807F41C1A0E2B000E6BFF /* MaterialPulseView.storyboard in Resources */ = {isa = PBXBuildFile; fileRef = 3F9807EB1C1A0E2B000E6BFF /* MaterialPulseView.storyboard */; };
		3F9807F51C1A0E2B000E6BFF /* NavigationBarView.storyboard in Resources */ = {isa = PBXBuildFile; fileRef = 3F9807ED1C1A0E2B000E6BFF /* NavigationBarView.storyboard */; };
		3FB77DA11C4515A4002ABB01 /* PTextViewViewController.swift in Sources */ = {isa = PBXBuildFile; fileRef = 3FB77DA01C4515A4002ABB01 /* PTextViewViewController.swift */; };
		A28878F1BBDD941962A4C650 /* Pods_MaterialKitSamples.framework in Frameworks */ = {isa = PBXBuildFile; fileRef = F04F92CE1A0CD46F34304707 /* Pods_MaterialKitSamples.framework */; };
/* End PBXBuildFile section */

/* Begin PBXFileReference section */
		0A02AE484AB1F9CF54C6AEC0 /* Pods-MaterialKitSamples.release.xcconfig */ = {isa = PBXFileReference; includeInIndex = 1; lastKnownFileType = text.xcconfig; name = "Pods-MaterialKitSamples.release.xcconfig"; path = "Pods/Target Support Files/Pods-MaterialKitSamples/Pods-MaterialKitSamples.release.xcconfig"; sourceTree = "<group>"; };
		3F59BBAA1C23397F0019CA47 /* StoryBoardViewController.swift */ = {isa = PBXFileReference; fileEncoding = 4; lastKnownFileType = sourcecode.swift; path = StoryBoardViewController.swift; sourceTree = "<group>"; };
		3F59BBAC1C23398F0019CA47 /* ProgrammaticViewController.swift */ = {isa = PBXFileReference; fileEncoding = 4; lastKnownFileType = sourcecode.swift; path = ProgrammaticViewController.swift; sourceTree = "<group>"; };
		3F59BBAF1C233CCC0019CA47 /* CardViewController.swift */ = {isa = PBXFileReference; fileEncoding = 4; lastKnownFileType = sourcecode.swift; path = CardViewController.swift; sourceTree = "<group>"; };
		3F59BBB01C233CCC0019CA47 /* ImageCardViewController.swift */ = {isa = PBXFileReference; fileEncoding = 4; lastKnownFileType = sourcecode.swift; path = ImageCardViewController.swift; sourceTree = "<group>"; };
		3F59BBB11C233CCC0019CA47 /* MaterialButtonViewController.swift */ = {isa = PBXFileReference; fileEncoding = 4; lastKnownFileType = sourcecode.swift; path = MaterialButtonViewController.swift; sourceTree = "<group>"; };
		3F59BBB21C233CCC0019CA47 /* MaterialPulseViewController.swift */ = {isa = PBXFileReference; fileEncoding = 4; lastKnownFileType = sourcecode.swift; path = MaterialPulseViewController.swift; sourceTree = "<group>"; };
		3F59BBB31C233CCC0019CA47 /* NavBarViewController.swift */ = {isa = PBXFileReference; fileEncoding = 4; lastKnownFileType = sourcecode.swift; path = NavBarViewController.swift; sourceTree = "<group>"; };
		3F59BBB41C233CCC0019CA47 /* SideViewController.swift */ = {isa = PBXFileReference; fileEncoding = 4; lastKnownFileType = sourcecode.swift; path = SideViewController.swift; sourceTree = "<group>"; };
		3F59BBBC1C233DE90019CA47 /* PCaptureViewController.swift */ = {isa = PBXFileReference; fileEncoding = 4; lastKnownFileType = sourcecode.swift; path = PCaptureViewController.swift; sourceTree = "<group>"; };
		3F59BBBD1C233DE90019CA47 /* PCardViewController.swift */ = {isa = PBXFileReference; fileEncoding = 4; lastKnownFileType = sourcecode.swift; path = PCardViewController.swift; sourceTree = "<group>"; };
		3F59BBBE1C233DE90019CA47 /* ContentKit+UIImage.swift */ = {isa = PBXFileReference; fileEncoding = 4; lastKnownFileType = sourcecode.swift; path = "ContentKit+UIImage.swift"; sourceTree = "<group>"; };
		3F59BBBF1C233DE90019CA47 /* PImageCardViewController.swift */ = {isa = PBXFileReference; fileEncoding = 4; lastKnownFileType = sourcecode.swift; path = PImageCardViewController.swift; sourceTree = "<group>"; };
		3F59BBC01C233DE90019CA47 /* PMaterialButtonViewController.swift */ = {isa = PBXFileReference; fileEncoding = 4; lastKnownFileType = sourcecode.swift; path = PMaterialButtonViewController.swift; sourceTree = "<group>"; };
		3F59BBC11C233DE90019CA47 /* PMaterialLayerViewController.swift */ = {isa = PBXFileReference; fileEncoding = 4; lastKnownFileType = sourcecode.swift; path = PMaterialLayerViewController.swift; sourceTree = "<group>"; };
		3F59BBC21C233DE90019CA47 /* PMaterialLayoutViewController.swift */ = {isa = PBXFileReference; fileEncoding = 4; lastKnownFileType = sourcecode.swift; path = PMaterialLayoutViewController.swift; sourceTree = "<group>"; };
		3F59BBC31C233DE90019CA47 /* PMaterialPulseViewController.swift */ = {isa = PBXFileReference; fileEncoding = 4; lastKnownFileType = sourcecode.swift; path = PMaterialPulseViewController.swift; sourceTree = "<group>"; };
		3F59BBC51C233DE90019CA47 /* PMaterialViewController.swift */ = {isa = PBXFileReference; fileEncoding = 4; lastKnownFileType = sourcecode.swift; path = PMaterialViewController.swift; sourceTree = "<group>"; };
		3F59BBC61C233DE90019CA47 /* PNavigationBarViewController.swift */ = {isa = PBXFileReference; fileEncoding = 4; lastKnownFileType = sourcecode.swift; path = PNavigationBarViewController.swift; sourceTree = "<group>"; };
		3F59BBC71C233DE90019CA47 /* PTextFieldViewController.swift */ = {isa = PBXFileReference; fileEncoding = 4; lastKnownFileType = sourcecode.swift; path = PTextFieldViewController.swift; sourceTree = "<group>"; };
		3F91A4D81C1A0AEC00C7A3EB /* MaterialKitSamples.app */ = {isa = PBXFileReference; explicitFileType = wrapper.application; includeInIndex = 0; path = MaterialKitSamples.app; sourceTree = BUILT_PRODUCTS_DIR; };
		3F91A4DB1C1A0AEC00C7A3EB /* AppDelegate.swift */ = {isa = PBXFileReference; lastKnownFileType = sourcecode.swift; path = AppDelegate.swift; sourceTree = "<group>"; };
		3F91A4DD1C1A0AEC00C7A3EB /* ViewController.swift */ = {isa = PBXFileReference; lastKnownFileType = sourcecode.swift; path = ViewController.swift; sourceTree = "<group>"; };
		3F91A4E01C1A0AEC00C7A3EB /* Base */ = {isa = PBXFileReference; lastKnownFileType = file.storyboard; name = Base; path = Base.lproj/Main.storyboard; sourceTree = "<group>"; };
		3F91A4E21C1A0AEC00C7A3EB /* Assets.xcassets */ = {isa = PBXFileReference; lastKnownFileType = folder.assetcatalog; path = Assets.xcassets; sourceTree = "<group>"; };
		3F91A4E51C1A0AEC00C7A3EB /* Base */ = {isa = PBXFileReference; lastKnownFileType = file.storyboard; name = Base; path = Base.lproj/LaunchScreen.storyboard; sourceTree = "<group>"; };
		3F91A4E71C1A0AEC00C7A3EB /* Info.plist */ = {isa = PBXFileReference; lastKnownFileType = text.plist.xml; path = Info.plist; sourceTree = "<group>"; };
		3F9807E61C1A0E2B000E6BFF /* Base */ = {isa = PBXFileReference; lastKnownFileType = file.storyboard; name = Base; path = Base.lproj/CardView.storyboard; sourceTree = "<group>"; };
		3F9807E81C1A0E2B000E6BFF /* Base */ = {isa = PBXFileReference; lastKnownFileType = file.storyboard; name = Base; path = Base.lproj/ImageCardView.storyboard; sourceTree = "<group>"; };
		3F9807EA1C1A0E2B000E6BFF /* Base */ = {isa = PBXFileReference; lastKnownFileType = file.storyboard; name = Base; path = Base.lproj/MaterialButton.storyboard; sourceTree = "<group>"; };
		3F9807EC1C1A0E2B000E6BFF /* Base */ = {isa = PBXFileReference; lastKnownFileType = file.storyboard; name = Base; path = Base.lproj/MaterialPulseView.storyboard; sourceTree = "<group>"; };
		3F9807EE1C1A0E2B000E6BFF /* Base */ = {isa = PBXFileReference; lastKnownFileType = file.storyboard; name = Base; path = Base.lproj/NavigationBarView.storyboard; sourceTree = "<group>"; };
		3FB77DA01C4515A4002ABB01 /* PTextViewViewController.swift */ = {isa = PBXFileReference; fileEncoding = 4; lastKnownFileType = sourcecode.swift; path = PTextViewViewController.swift; sourceTree = "<group>"; };
		BE03388B73776F66AEA0C695 /* Pods-MaterialKitSamples.debug.xcconfig */ = {isa = PBXFileReference; includeInIndex = 1; lastKnownFileType = text.xcconfig; name = "Pods-MaterialKitSamples.debug.xcconfig"; path = "Pods/Target Support Files/Pods-MaterialKitSamples/Pods-MaterialKitSamples.debug.xcconfig"; sourceTree = "<group>"; };
		F04F92CE1A0CD46F34304707 /* Pods_MaterialKitSamples.framework */ = {isa = PBXFileReference; explicitFileType = wrapper.framework; includeInIndex = 0; path = Pods_MaterialKitSamples.framework; sourceTree = BUILT_PRODUCTS_DIR; };
/* End PBXFileReference section */

/* Begin PBXFrameworksBuildPhase section */
		3F91A4D51C1A0AEC00C7A3EB /* Frameworks */ = {
			isa = PBXFrameworksBuildPhase;
			buildActionMask = 2147483647;
			files = (
				A28878F1BBDD941962A4C650 /* Pods_MaterialKitSamples.framework in Frameworks */,
			);
			runOnlyForDeploymentPostprocessing = 0;
		};
/* End PBXFrameworksBuildPhase section */

/* Begin PBXGroup section */
		3F59BBAE1C233CCC0019CA47 /* StoryBoard */ = {
			isa = PBXGroup;
			children = (
				3F59BBAF1C233CCC0019CA47 /* CardViewController.swift */,
				3F59BBB01C233CCC0019CA47 /* ImageCardViewController.swift */,
				3F59BBB11C233CCC0019CA47 /* MaterialButtonViewController.swift */,
				3F59BBB21C233CCC0019CA47 /* MaterialPulseViewController.swift */,
				3F59BBB31C233CCC0019CA47 /* NavBarViewController.swift */,
				3F59BBB41C233CCC0019CA47 /* SideViewController.swift */,
			);
			name = StoryBoard;
			path = Controllers/StoryBoard;
			sourceTree = "<group>";
		};
		3F59BBBB1C233DE90019CA47 /* Programmatic */ = {
			isa = PBXGroup;
			children = (
				3F59BBBC1C233DE90019CA47 /* PCaptureViewController.swift */,
				3F59BBBD1C233DE90019CA47 /* PCardViewController.swift */,
				3F59BBBE1C233DE90019CA47 /* ContentKit+UIImage.swift */,
				3F59BBBF1C233DE90019CA47 /* PImageCardViewController.swift */,
				3F59BBC01C233DE90019CA47 /* PMaterialButtonViewController.swift */,
				3F59BBC11C233DE90019CA47 /* PMaterialLayerViewController.swift */,
				3F59BBC21C233DE90019CA47 /* PMaterialLayoutViewController.swift */,
				3F59BBC31C233DE90019CA47 /* PMaterialPulseViewController.swift */,
				3F59BBC51C233DE90019CA47 /* PMaterialViewController.swift */,
				3F59BBC61C233DE90019CA47 /* PNavigationBarViewController.swift */,
				3F59BBC71C233DE90019CA47 /* PTextFieldViewController.swift */,
				3FB77DA01C4515A4002ABB01 /* PTextViewViewController.swift */,
			);
			name = Programmatic;
			path = Controllers/Programmatic;
			sourceTree = "<group>";
		};
		3F91A4CF1C1A0AEC00C7A3EB = {
			isa = PBXGroup;
			children = (
				3F91A4DA1C1A0AEC00C7A3EB /* MaterialKitSamples */,
				3F91A4D91C1A0AEC00C7A3EB /* Products */,
				8A91A0D5789EC94AF64BB7E8 /* Pods */,
				E6CEE42FA92FAD069F5D04D6 /* Frameworks */,
			);
			sourceTree = "<group>";
		};
		3F91A4D91C1A0AEC00C7A3EB /* Products */ = {
			isa = PBXGroup;
			children = (
				3F91A4D81C1A0AEC00C7A3EB /* MaterialKitSamples.app */,
			);
			name = Products;
			sourceTree = "<group>";
		};
		3F91A4DA1C1A0AEC00C7A3EB /* MaterialKitSamples */ = {
			isa = PBXGroup;
			children = (
				3F9807F71C1A0E45000E6BFF /* Controllers */,
				3F9807E41C1A0CFB000E6BFF /* StoryBoards */,
				3F91A4DB1C1A0AEC00C7A3EB /* AppDelegate.swift */,
				3F91A4DD1C1A0AEC00C7A3EB /* ViewController.swift */,
				3F91A4DF1C1A0AEC00C7A3EB /* Main.storyboard */,
				3F91A4E21C1A0AEC00C7A3EB /* Assets.xcassets */,
				3F91A4E41C1A0AEC00C7A3EB /* LaunchScreen.storyboard */,
				3F91A4E71C1A0AEC00C7A3EB /* Info.plist */,
				3F59BBAA1C23397F0019CA47 /* StoryBoardViewController.swift */,
				3F59BBAC1C23398F0019CA47 /* ProgrammaticViewController.swift */,
			);
			path = MaterialKitSamples;
			sourceTree = "<group>";
		};
		3F9807E41C1A0CFB000E6BFF /* StoryBoards */ = {
			isa = PBXGroup;
			children = (
				3F9807E51C1A0E2B000E6BFF /* CardView.storyboard */,
				3F9807E71C1A0E2B000E6BFF /* ImageCardView.storyboard */,
				3F9807E91C1A0E2B000E6BFF /* MaterialButton.storyboard */,
				3F9807EB1C1A0E2B000E6BFF /* MaterialPulseView.storyboard */,
				3F9807ED1C1A0E2B000E6BFF /* NavigationBarView.storyboard */,
			);
			name = StoryBoards;
			sourceTree = "<group>";
		};
		3F9807F71C1A0E45000E6BFF /* Controllers */ = {
			isa = PBXGroup;
			children = (
				3F59BBBB1C233DE90019CA47 /* Programmatic */,
				3F59BBAE1C233CCC0019CA47 /* StoryBoard */,
			);
			name = Controllers;
			sourceTree = "<group>";
		};
		8A91A0D5789EC94AF64BB7E8 /* Pods */ = {
			isa = PBXGroup;
			children = (
				BE03388B73776F66AEA0C695 /* Pods-MaterialKitSamples.debug.xcconfig */,
				0A02AE484AB1F9CF54C6AEC0 /* Pods-MaterialKitSamples.release.xcconfig */,
			);
			name = Pods;
			sourceTree = "<group>";
		};
		E6CEE42FA92FAD069F5D04D6 /* Frameworks */ = {
			isa = PBXGroup;
			children = (
				F04F92CE1A0CD46F34304707 /* Pods_MaterialKitSamples.framework */,
			);
			name = Frameworks;
			sourceTree = "<group>";
		};
/* End PBXGroup section */

/* Begin PBXNativeTarget section */
		3F91A4D71C1A0AEC00C7A3EB /* MaterialKitSamples */ = {
			isa = PBXNativeTarget;
			buildConfigurationList = 3F91A4EA1C1A0AEC00C7A3EB /* Build configuration list for PBXNativeTarget "MaterialKitSamples" */;
			buildPhases = (
				919C37932AB551DFE8447453 /* Check Pods Manifest.lock */,
				3F91A4D41C1A0AEC00C7A3EB /* Sources */,
				3F91A4D51C1A0AEC00C7A3EB /* Frameworks */,
				3F91A4D61C1A0AEC00C7A3EB /* Resources */,
				667CB5373966701CAC3387CF /* Embed Pods Frameworks */,
				3E673A3BB0799DEB13485C8C /* Copy Pods Resources */,
			);
			buildRules = (
			);
			dependencies = (
			);
			name = MaterialKitSamples;
			productName = MaterialKitSamples;
			productReference = 3F91A4D81C1A0AEC00C7A3EB /* MaterialKitSamples.app */;
			productType = "com.apple.product-type.application";
		};
/* End PBXNativeTarget section */

/* Begin PBXProject section */
		3F91A4D01C1A0AEC00C7A3EB /* Project object */ = {
			isa = PBXProject;
			attributes = {
				LastSwiftUpdateCheck = 0710;
				LastUpgradeCheck = 0710;
				ORGANIZATIONNAME = Mobitrip;
				TargetAttributes = {
					3F91A4D71C1A0AEC00C7A3EB = {
						CreatedOnToolsVersion = 7.1.1;
						DevelopmentTeam = XQ96UBL3E5;
					};
				};
			};
			buildConfigurationList = 3F91A4D31C1A0AEC00C7A3EB /* Build configuration list for PBXProject "MaterialKitSamples" */;
			compatibilityVersion = "Xcode 3.2";
			developmentRegion = English;
			hasScannedForEncodings = 0;
			knownRegions = (
				en,
				Base,
			);
			mainGroup = 3F91A4CF1C1A0AEC00C7A3EB;
			productRefGroup = 3F91A4D91C1A0AEC00C7A3EB /* Products */;
			projectDirPath = "";
			projectRoot = "";
			targets = (
				3F91A4D71C1A0AEC00C7A3EB /* MaterialKitSamples */,
			);
		};
/* End PBXProject section */

/* Begin PBXResourcesBuildPhase section */
		3F91A4D61C1A0AEC00C7A3EB /* Resources */ = {
			isa = PBXResourcesBuildPhase;
			buildActionMask = 2147483647;
			files = (
				3F91A4E61C1A0AEC00C7A3EB /* LaunchScreen.storyboard in Resources */,
				3F91A4E31C1A0AEC00C7A3EB /* Assets.xcassets in Resources */,
				3F9807F21C1A0E2B000E6BFF /* ImageCardView.storyboard in Resources */,
				3F9807F51C1A0E2B000E6BFF /* NavigationBarView.storyboard in Resources */,
				3F91A4E11C1A0AEC00C7A3EB /* Main.storyboard in Resources */,
				3F9807F11C1A0E2B000E6BFF /* CardView.storyboard in Resources */,
				3F9807F41C1A0E2B000E6BFF /* MaterialPulseView.storyboard in Resources */,
				3F9807F31C1A0E2B000E6BFF /* MaterialButton.storyboard in Resources */,
			);
			runOnlyForDeploymentPostprocessing = 0;
		};
/* End PBXResourcesBuildPhase section */

/* Begin PBXShellScriptBuildPhase section */
		3E673A3BB0799DEB13485C8C /* Copy Pods Resources */ = {
			isa = PBXShellScriptBuildPhase;
			buildActionMask = 2147483647;
			files = (
			);
			inputPaths = (
			);
			name = "Copy Pods Resources";
			outputPaths = (
			);
			runOnlyForDeploymentPostprocessing = 0;
			shellPath = /bin/sh;
			shellScript = "\"${SRCROOT}/Pods/Target Support Files/Pods-MaterialKitSamples/Pods-MaterialKitSamples-resources.sh\"\n";
			showEnvVarsInLog = 0;
		};
		667CB5373966701CAC3387CF /* Embed Pods Frameworks */ = {
			isa = PBXShellScriptBuildPhase;
			buildActionMask = 2147483647;
			files = (
			);
			inputPaths = (
			);
			name = "Embed Pods Frameworks";
			outputPaths = (
			);
			runOnlyForDeploymentPostprocessing = 0;
			shellPath = /bin/sh;
			shellScript = "\"${SRCROOT}/Pods/Target Support Files/Pods-MaterialKitSamples/Pods-MaterialKitSamples-frameworks.sh\"\n";
			showEnvVarsInLog = 0;
		};
		919C37932AB551DFE8447453 /* Check Pods Manifest.lock */ = {
			isa = PBXShellScriptBuildPhase;
			buildActionMask = 2147483647;
			files = (
			);
			inputPaths = (
			);
			name = "Check Pods Manifest.lock";
			outputPaths = (
			);
			runOnlyForDeploymentPostprocessing = 0;
			shellPath = /bin/sh;
			shellScript = "diff \"${PODS_ROOT}/../Podfile.lock\" \"${PODS_ROOT}/Manifest.lock\" > /dev/null\nif [[ $? != 0 ]] ; then\n    cat << EOM\nerror: The sandbox is not in sync with the Podfile.lock. Run 'pod install' or update your CocoaPods installation.\nEOM\n    exit 1\nfi\n";
			showEnvVarsInLog = 0;
		};
/* End PBXShellScriptBuildPhase section */

/* Begin PBXSourcesBuildPhase section */
		3F91A4D41C1A0AEC00C7A3EB /* Sources */ = {
			isa = PBXSourcesBuildPhase;
			buildActionMask = 2147483647;
			files = (
				3F91A4DE1C1A0AEC00C7A3EB /* ViewController.swift in Sources */,
				3F59BBCA1C233DE90019CA47 /* ContentKit+UIImage.swift in Sources */,
				3F59BBCC1C233DE90019CA47 /* PMaterialButtonViewController.swift in Sources */,
				3F59BBB81C233CCC0019CA47 /* MaterialPulseViewController.swift in Sources */,
				3F59BBC81C233DE90019CA47 /* PCaptureViewController.swift in Sources */,
				3F59BBCD1C233DE90019CA47 /* PMaterialLayerViewController.swift in Sources */,
				3F59BBCB1C233DE90019CA47 /* PImageCardViewController.swift in Sources */,
				3F91A4DC1C1A0AEC00C7A3EB /* AppDelegate.swift in Sources */,
				3F59BBD11C233DE90019CA47 /* PMaterialViewController.swift in Sources */,
				3F59BBB61C233CCC0019CA47 /* ImageCardViewController.swift in Sources */,
				3F59BBB71C233CCC0019CA47 /* MaterialButtonViewController.swift in Sources */,
				3F59BBBA1C233CCC0019CA47 /* SideViewController.swift in Sources */,
				3F59BBCF1C233DE90019CA47 /* PMaterialPulseViewController.swift in Sources */,
				3F59BBB91C233CCC0019CA47 /* NavBarViewController.swift in Sources */,
				3F59BBC91C233DE90019CA47 /* PCardViewController.swift in Sources */,
				3F59BBCE1C233DE90019CA47 /* PMaterialLayoutViewController.swift in Sources */,
				3F59BBAB1C23397F0019CA47 /* StoryBoardViewController.swift in Sources */,
				3F59BBD31C233DE90019CA47 /* PTextFieldViewController.swift in Sources */,
				3F59BBB51C233CCC0019CA47 /* CardViewController.swift in Sources */,
				3F59BBD21C233DE90019CA47 /* PNavigationBarViewController.swift in Sources */,
				3F59BBAD1C23398F0019CA47 /* ProgrammaticViewController.swift in Sources */,
				3FB77DA11C4515A4002ABB01 /* PTextViewViewController.swift in Sources */,
			);
			runOnlyForDeploymentPostprocessing = 0;
		};
/* End PBXSourcesBuildPhase section */

/* Begin PBXVariantGroup section */
		3F91A4DF1C1A0AEC00C7A3EB /* Main.storyboard */ = {
			isa = PBXVariantGroup;
			children = (
				3F91A4E01C1A0AEC00C7A3EB /* Base */,
			);
			name = Main.storyboard;
			sourceTree = "<group>";
		};
		3F91A4E41C1A0AEC00C7A3EB /* LaunchScreen.storyboard */ = {
			isa = PBXVariantGroup;
			children = (
				3F91A4E51C1A0AEC00C7A3EB /* Base */,
			);
			name = LaunchScreen.storyboard;
			sourceTree = "<group>";
		};
		3F9807E51C1A0E2B000E6BFF /* CardView.storyboard */ = {
			isa = PBXVariantGroup;
			children = (
				3F9807E61C1A0E2B000E6BFF /* Base */,
			);
			name = CardView.storyboard;
			sourceTree = "<group>";
		};
		3F9807E71C1A0E2B000E6BFF /* ImageCardView.storyboard */ = {
			isa = PBXVariantGroup;
			children = (
				3F9807E81C1A0E2B000E6BFF /* Base */,
			);
			name = ImageCardView.storyboard;
			sourceTree = "<group>";
		};
		3F9807E91C1A0E2B000E6BFF /* MaterialButton.storyboard */ = {
			isa = PBXVariantGroup;
			children = (
				3F9807EA1C1A0E2B000E6BFF /* Base */,
			);
			name = MaterialButton.storyboard;
			sourceTree = "<group>";
		};
		3F9807EB1C1A0E2B000E6BFF /* MaterialPulseView.storyboard */ = {
			isa = PBXVariantGroup;
			children = (
				3F9807EC1C1A0E2B000E6BFF /* Base */,
			);
			name = MaterialPulseView.storyboard;
			sourceTree = "<group>";
		};
		3F9807ED1C1A0E2B000E6BFF /* NavigationBarView.storyboard */ = {
			isa = PBXVariantGroup;
			children = (
				3F9807EE1C1A0E2B000E6BFF /* Base */,
			);
			name = NavigationBarView.storyboard;
			sourceTree = "<group>";
		};
/* End PBXVariantGroup section */

/* Begin XCBuildConfiguration section */
		3F91A4E81C1A0AEC00C7A3EB /* Debug */ = {
			isa = XCBuildConfiguration;
			buildSettings = {
				ALWAYS_SEARCH_USER_PATHS = NO;
				CLANG_CXX_LANGUAGE_STANDARD = "gnu++0x";
				CLANG_CXX_LIBRARY = "libc++";
				CLANG_ENABLE_MODULES = YES;
				CLANG_ENABLE_OBJC_ARC = YES;
				CLANG_WARN_BOOL_CONVERSION = YES;
				CLANG_WARN_CONSTANT_CONVERSION = YES;
				CLANG_WARN_DIRECT_OBJC_ISA_USAGE = YES_ERROR;
				CLANG_WARN_EMPTY_BODY = YES;
				CLANG_WARN_ENUM_CONVERSION = YES;
				CLANG_WARN_INT_CONVERSION = YES;
				CLANG_WARN_OBJC_ROOT_CLASS = YES_ERROR;
				CLANG_WARN_UNREACHABLE_CODE = YES;
				CLANG_WARN__DUPLICATE_METHOD_MATCH = YES;
				"CODE_SIGN_IDENTITY[sdk=iphoneos*]" = "iPhone Developer";
				COPY_PHASE_STRIP = NO;
				DEBUG_INFORMATION_FORMAT = dwarf;
				ENABLE_STRICT_OBJC_MSGSEND = YES;
				ENABLE_TESTABILITY = YES;
				GCC_C_LANGUAGE_STANDARD = gnu99;
				GCC_DYNAMIC_NO_PIC = NO;
				GCC_NO_COMMON_BLOCKS = YES;
				GCC_OPTIMIZATION_LEVEL = 0;
				GCC_PREPROCESSOR_DEFINITIONS = (
					"DEBUG=1",
					"$(inherited)",
				);
				GCC_WARN_64_TO_32_BIT_CONVERSION = YES;
				GCC_WARN_ABOUT_RETURN_TYPE = YES_ERROR;
				GCC_WARN_UNDECLARED_SELECTOR = YES;
				GCC_WARN_UNINITIALIZED_AUTOS = YES_AGGRESSIVE;
				GCC_WARN_UNUSED_FUNCTION = YES;
				GCC_WARN_UNUSED_VARIABLE = YES;
				IPHONEOS_DEPLOYMENT_TARGET = 9.1;
				MTL_ENABLE_DEBUG_INFO = YES;
				ONLY_ACTIVE_ARCH = YES;
				SDKROOT = iphoneos;
				SWIFT_OPTIMIZATION_LEVEL = "-Onone";
			};
			name = Debug;
		};
		3F91A4E91C1A0AEC00C7A3EB /* Release */ = {
			isa = XCBuildConfiguration;
			buildSettings = {
				ALWAYS_SEARCH_USER_PATHS = NO;
				CLANG_CXX_LANGUAGE_STANDARD = "gnu++0x";
				CLANG_CXX_LIBRARY = "libc++";
				CLANG_ENABLE_MODULES = YES;
				CLANG_ENABLE_OBJC_ARC = YES;
				CLANG_WARN_BOOL_CONVERSION = YES;
				CLANG_WARN_CONSTANT_CONVERSION = YES;
				CLANG_WARN_DIRECT_OBJC_ISA_USAGE = YES_ERROR;
				CLANG_WARN_EMPTY_BODY = YES;
				CLANG_WARN_ENUM_CONVERSION = YES;
				CLANG_WARN_INT_CONVERSION = YES;
				CLANG_WARN_OBJC_ROOT_CLASS = YES_ERROR;
				CLANG_WARN_UNREACHABLE_CODE = YES;
				CLANG_WARN__DUPLICATE_METHOD_MATCH = YES;
				"CODE_SIGN_IDENTITY[sdk=iphoneos*]" = "iPhone Developer";
				COPY_PHASE_STRIP = NO;
				DEBUG_INFORMATION_FORMAT = "dwarf-with-dsym";
				ENABLE_NS_ASSERTIONS = NO;
				ENABLE_STRICT_OBJC_MSGSEND = YES;
				GCC_C_LANGUAGE_STANDARD = gnu99;
				GCC_NO_COMMON_BLOCKS = YES;
				GCC_WARN_64_TO_32_BIT_CONVERSION = YES;
				GCC_WARN_ABOUT_RETURN_TYPE = YES_ERROR;
				GCC_WARN_UNDECLARED_SELECTOR = YES;
				GCC_WARN_UNINITIALIZED_AUTOS = YES_AGGRESSIVE;
				GCC_WARN_UNUSED_FUNCTION = YES;
				GCC_WARN_UNUSED_VARIABLE = YES;
				IPHONEOS_DEPLOYMENT_TARGET = 9.1;
				MTL_ENABLE_DEBUG_INFO = NO;
				SDKROOT = iphoneos;
				VALIDATE_PRODUCT = YES;
			};
			name = Release;
		};
		3F91A4EB1C1A0AEC00C7A3EB /* Debug */ = {
			isa = XCBuildConfiguration;
			baseConfigurationReference = BE03388B73776F66AEA0C695 /* Pods-MaterialKitSamples.debug.xcconfig */;
			buildSettings = {
				ASSETCATALOG_COMPILER_APPICON_NAME = AppIcon;
				CODE_SIGN_IDENTITY = "iPhone Developer: Alaa Khoder (85FT6SNT74)";
				INFOPLIST_FILE = MaterialKitSamples/Info.plist;
				IPHONEOS_DEPLOYMENT_TARGET = 8.0;
				LD_RUNPATH_SEARCH_PATHS = "$(inherited) @executable_path/Frameworks";
				PRODUCT_BUNDLE_IDENTIFIER = com.mobitrip.MaterialKitSamples;
				PRODUCT_NAME = "$(TARGET_NAME)";
			};
			name = Debug;
		};
		3F91A4EC1C1A0AEC00C7A3EB /* Release */ = {
			isa = XCBuildConfiguration;
			baseConfigurationReference = 0A02AE484AB1F9CF54C6AEC0 /* Pods-MaterialKitSamples.release.xcconfig */;
			buildSettings = {
				ASSETCATALOG_COMPILER_APPICON_NAME = AppIcon;
				CODE_SIGN_IDENTITY = "iPhone Developer: Alaa Khoder (85FT6SNT74)";
				INFOPLIST_FILE = MaterialKitSamples/Info.plist;
				IPHONEOS_DEPLOYMENT_TARGET = 8.0;
				LD_RUNPATH_SEARCH_PATHS = "$(inherited) @executable_path/Frameworks";
				PRODUCT_BUNDLE_IDENTIFIER = com.mobitrip.MaterialKitSamples;
				PRODUCT_NAME = "$(TARGET_NAME)";
			};
			name = Release;
		};
/* End XCBuildConfiguration section */

/* Begin XCConfigurationList section */
		3F91A4D31C1A0AEC00C7A3EB /* Build configuration list for PBXProject "MaterialKitSamples" */ = {
			isa = XCConfigurationList;
			buildConfigurations = (
				3F91A4E81C1A0AEC00C7A3EB /* Debug */,
				3F91A4E91C1A0AEC00C7A3EB /* Release */,
			);
			defaultConfigurationIsVisible = 0;
			defaultConfigurationName = Release;
		};
		3F91A4EA1C1A0AEC00C7A3EB /* Build configuration list for PBXNativeTarget "MaterialKitSamples" */ = {
			isa = XCConfigurationList;
			buildConfigurations = (
				3F91A4EB1C1A0AEC00C7A3EB /* Debug */,
				3F91A4EC1C1A0AEC00C7A3EB /* Release */,
			);
			defaultConfigurationIsVisible = 0;
			defaultConfigurationName = Release;
		};
/* End XCConfigurationList section */
	};
	rootObject = 3F91A4D01C1A0AEC00C7A3EB /* Project object */;
}
