// !$*UTF8*$!
{
	archiveVersion = 1;
	classes = {
	};
	objectVersion = 46;
	objects = {

/* Begin PBXBuildFile section */
		3F91A4DC1C1A0AEC00C7A3EB /* AppDelegate.swift in Sources */ = {isa = PBXBuildFile; fileRef = 3F91A4DB1C1A0AEC00C7A3EB /* AppDelegate.swift */; };
		3F91A4DE1C1A0AEC00C7A3EB /* ViewController.swift in Sources */ = {isa = PBXBuildFile; fileRef = 3F91A4DD1C1A0AEC00C7A3EB /* ViewController.swift */; };
		3F91A4E11C1A0AEC00C7A3EB /* Main.storyboard in Resources */ = {isa = PBXBuildFile; fileRef = 3F91A4DF1C1A0AEC00C7A3EB /* Main.storyboard */; };
		3F91A4E31C1A0AEC00C7A3EB /* Assets.xcassets in Resources */ = {isa = PBXBuildFile; fileRef = 3F91A4E21C1A0AEC00C7A3EB /* Assets.xcassets */; };
		3F91A4E61C1A0AEC00C7A3EB /* LaunchScreen.storyboard in Resources */ = {isa = PBXBuildFile; fileRef = 3F91A4E41C1A0AEC00C7A3EB /* LaunchScreen.storyboard */; };
/* End PBXBuildFile section */

/* Begin PBXFileReference section */
		3F91A4D81C1A0AEC00C7A3EB /* MaterialKitSamples.app */ = {isa = PBXFileReference; explicitFileType = wrapper.application; includeInIndex = 0; path = MaterialKitSamples.app; sourceTree = BUILT_PRODUCTS_DIR; };
		3F91A4DB1C1A0AEC00C7A3EB /* AppDelegate.swift */ = {isa = PBXFileReference; lastKnownFileType = sourcecode.swift; path = AppDelegate.swift; sourceTree = "<group>"; };
		3F91A4DD1C1A0AEC00C7A3EB /* ViewController.swift */ = {isa = PBXFileReference; lastKnownFileType = sourcecode.swift; path = ViewController.swift; sourceTree = "<group>"; };
		3F91A4E01C1A0AEC00C7A3EB /* Base */ = {isa = PBXFileReference; lastKnownFileType = file.storyboard; name = Base; path = Base.lproj/Main.storyboard; sourceTree = "<group>"; };
		3F91A4E21C1A0AEC00C7A3EB /* Assets.xcassets */ = {isa = PBXFileReference; lastKnownFileType = folder.assetcatalog; path = Assets.xcassets; sourceTree = "<group>"; };
		3F91A4E51C1A0AEC00C7A3EB /* Base */ = {isa = PBXFileReference; lastKnownFileType = file.storyboard; name = Base; path = Base.lproj/LaunchScreen.storyboard; sourceTree = "<group>"; };
		3F91A4E71C1A0AEC00C7A3EB /* Info.plist */ = {isa = PBXFileReference; lastKnownFileType = text.plist.xml; path = Info.plist; sourceTree = "<group>"; };
/* End PBXFileReference section */

/* Begin PBXFrameworksBuildPhase section */
		3F91A4D51C1A0AEC00C7A3EB /* Frameworks */ = {
			isa = PBXFrameworksBuildPhase;
			buildActionMask = 2147483647;
			files = (
			);
			runOnlyForDeploymentPostprocessing = 0;
		};
/* End PBXFrameworksBuildPhase section */

/* Begin PBXGroup section */
		3F91A4CF1C1A0AEC00C7A3EB = {
			isa = PBXGroup;
			children = (
				3F91A4DA1C1A0AEC00C7A3EB /* MaterialKitSamples */,
				3F91A4D91C1A0AEC00C7A3EB /* Products */,
			);
			sourceTree = "<group>";
		};
		3F91A4D91C1A0AEC00C7A3EB /* Products */ = {
			isa = PBXGroup;
			children = (
				3F91A4D81C1A0AEC00C7A3EB /* MaterialKitSamples.app */,
			);
			name = Products;
			sourceTree = "<group>";
		};
		3F91A4DA1C1A0AEC00C7A3EB /* MaterialKitSamples */ = {
			isa = PBXGroup;
			children = (
				3F91A4DB1C1A0AEC00C7A3EB /* AppDelegate.swift */,
				3F91A4DD1C1A0AEC00C7A3EB /* ViewController.swift */,
				3F91A4DF1C1A0AEC00C7A3EB /* Main.storyboard */,
				3F91A4E21C1A0AEC00C7A3EB /* Assets.xcassets */,
				3F91A4E41C1A0AEC00C7A3EB /* LaunchScreen.storyboard */,
				3F91A4E71C1A0AEC00C7A3EB /* Info.plist */,
			);
			path = MaterialKitSamples;
			sourceTree = "<group>";
		};
/* End PBXGroup section */

/* Begin PBXNativeTarget section */
		3F91A4D71C1A0AEC00C7A3EB /* MaterialKitSamples */ = {
			isa = PBXNativeTarget;
			buildConfigurationList = 3F91A4EA1C1A0AEC00C7A3EB /* Build configuration list for PBXNativeTarget "MaterialKitSamples" */;
			buildPhases = (
				3F91A4D41C1A0AEC00C7A3EB /* Sources */,
				3F91A4D51C1A0AEC00C7A3EB /* Frameworks */,
				3F91A4D61C1A0AEC00C7A3EB /* Resources */,
			);
			buildRules = (
			);
			dependencies = (
			);
			name = MaterialKitSamples;
			productName = MaterialKitSamples;
			productReference = 3F91A4D81C1A0AEC00C7A3EB /* MaterialKitSamples.app */;
			productType = "com.apple.product-type.application";
		};
/* End PBXNativeTarget section */

/* Begin PBXProject section */
		3F91A4D01C1A0AEC00C7A3EB /* Project object */ = {
			isa = PBXProject;
			attributes = {
				LastSwiftUpdateCheck = 0710;
				LastUpgradeCheck = 0710;
				ORGANIZATIONNAME = Mobitrip;
				TargetAttributes = {
					3F91A4D71C1A0AEC00C7A3EB = {
						CreatedOnToolsVersion = 7.1.1;
					};
				};
			};
			buildConfigurationList = 3F91A4D31C1A0AEC00C7A3EB /* Build configuration list for PBXProject "MaterialKitSamples" */;
			compatibilityVersion = "Xcode 3.2";
			developmentRegion = English;
			hasScannedForEncodings = 0;
			knownRegions = (
				en,
				Base,
			);
			mainGroup = 3F91A4CF1C1A0AEC00C7A3EB;
			productRefGroup = 3F91A4D91C1A0AEC00C7A3EB /* Products */;
			projectDirPath = "";
			projectRoot = "";
			targets = (
				3F91A4D71C1A0AEC00C7A3EB /* MaterialKitSamples */,
			);
		};
/* End PBXProject section */

/* Begin PBXResourcesBuildPhase section */
		3F91A4D61C1A0AEC00C7A3EB /* Resources */ = {
			isa = PBXResourcesBuildPhase;
			buildActionMask = 2147483647;
			files = (
				3F91A4E61C1A0AEC00C7A3EB /* LaunchScreen.storyboard in Resources */,
				3F91A4E31C1A0AEC00C7A3EB /* Assets.xcassets in Resources */,
				3F91A4E11C1A0AEC00C7A3EB /* Main.storyboard in Resources */,
			);
			runOnlyForDeploymentPostprocessing = 0;
		};
/* End PBXResourcesBuildPhase section */

/* Begin PBXSourcesBuildPhase section */
		3F91A4D41C1A0AEC00C7A3EB /* Sources */ = {
			isa = PBXSourcesBuildPhase;
			buildActionMask = 2147483647;
			files = (
				3F91A4DE1C1A0AEC00C7A3EB /* ViewController.swift in Sources */,
				3F91A4DC1C1A0AEC00C7A3EB /* AppDelegate.swift in Sources */,
			);
			runOnlyForDeploymentPostprocessing = 0;
		};
/* End PBXSourcesBuildPhase section */

/* Begin PBXVariantGroup section */
		3F91A4DF1C1A0AEC00C7A3EB /* Main.storyboard */ = {
			isa = PBXVariantGroup;
			children = (
				3F91A4E01C1A0AEC00C7A3EB /* Base */,
			);
			name = Main.storyboard;
			sourceTree = "<group>";
		};
		3F91A4E41C1A0AEC00C7A3EB /* LaunchScreen.storyboard */ = {
			isa = PBXVariantGroup;
			children = (
				3F91A4E51C1A0AEC00C7A3EB /* Base */,
			);
			name = LaunchScreen.storyboard;
			sourceTree = "<group>";
		};
/* End PBXVariantGroup section */

/* Begin XCBuildConfiguration section */
		3F91A4E81C1A0AEC00C7A3EB /* Debug */ = {
			isa = XCBuildConfiguration;
			buildSettings = {
				ALWAYS_SEARCH_USER_PATHS = NO;
				CLANG_CXX_LANGUAGE_STANDARD = "gnu++0x";
				CLANG_CXX_LIBRARY = "libc++";
				CLANG_ENABLE_MODULES = YES;
				CLANG_ENABLE_OBJC_ARC = YES;
				CLANG_WARN_BOOL_CONVERSION = YES;
				CLANG_WARN_CONSTANT_CONVERSION = YES;
				CLANG_WARN_DIRECT_OBJC_ISA_USAGE = YES_ERROR;
				CLANG_WARN_EMPTY_BODY = YES;
				CLANG_WARN_ENUM_CONVERSION = YES;
				CLANG_WARN_INT_CONVERSION = YES;
				CLANG_WARN_OBJC_ROOT_CLASS = YES_ERROR;
				CLANG_WARN_UNREACHABLE_CODE = YES;
				CLANG_WARN__DUPLICATE_METHOD_MATCH = YES;
				"CODE_SIGN_IDENTITY[sdk=iphoneos*]" = "iPhone Developer";
				COPY_PHASE_STRIP = NO;
				DEBUG_INFORMATION_FORMAT = dwarf;
				ENABLE_STRICT_OBJC_MSGSEND = YES;
				ENABLE_TESTABILITY = YES;
				GCC_C_LANGUAGE_STANDARD = gnu99;
				GCC_DYNAMIC_NO_PIC = NO;
				GCC_NO_COMMON_BLOCKS = YES;
				GCC_OPTIMIZATION_LEVEL = 0;
				GCC_PREPROCESSOR_DEFINITIONS = (
					"DEBUG=1",
					"$(inherited)",
				);
				GCC_WARN_64_TO_32_BIT_CONVERSION = YES;
				GCC_WARN_ABOUT_RETURN_TYPE = YES_ERROR;
				GCC_WARN_UNDECLARED_SELECTOR = YES;
				GCC_WARN_UNINITIALIZED_AUTOS = YES_AGGRESSIVE;
				GCC_WARN_UNUSED_FUNCTION = YES;
				GCC_WARN_UNUSED_VARIABLE = YES;
				IPHONEOS_DEPLOYMENT_TARGET = 9.1;
				MTL_ENABLE_DEBUG_INFO = YES;
				ONLY_ACTIVE_ARCH = YES;
				SDKROOT = iphoneos;
				SWIFT_OPTIMIZATION_LEVEL = "-Onone";
			};
			name = Debug;
		};
		3F91A4E91C1A0AEC00C7A3EB /* Release */ = {
			isa = XCBuildConfiguration;
			buildSettings = {
				ALWAYS_SEARCH_USER_PATHS = NO;
				CLANG_CXX_LANGUAGE_STANDARD = "gnu++0x";
				CLANG_CXX_LIBRARY = "libc++";
				CLANG_ENABLE_MODULES = YES;
				CLANG_ENABLE_OBJC_ARC = YES;
				CLANG_WARN_BOOL_CONVERSION = YES;
				CLANG_WARN_CONSTANT_CONVERSION = YES;
				CLANG_WARN_DIRECT_OBJC_ISA_USAGE = YES_ERROR;
				CLANG_WARN_EMPTY_BODY = YES;
				CLANG_WARN_ENUM_CONVERSION = YES;
				CLANG_WARN_INT_CONVERSION = YES;
				CLANG_WARN_OBJC_ROOT_CLASS = YES_ERROR;
				CLANG_WARN_UNREACHABLE_CODE = YES;
				CLANG_WARN__DUPLICATE_METHOD_MATCH = YES;
				"CODE_SIGN_IDENTITY[sdk=iphoneos*]" = "iPhone Developer";
				COPY_PHASE_STRIP = NO;
				DEBUG_INFORMATION_FORMAT = "dwarf-with-dsym";
				ENABLE_NS_ASSERTIONS = NO;
				ENABLE_STRICT_OBJC_MSGSEND = YES;
				GCC_C_LANGUAGE_STANDARD = gnu99;
				GCC_NO_COMMON_BLOCKS = YES;
				GCC_WARN_64_TO_32_BIT_CONVERSION = YES;
				GCC_WARN_ABOUT_RETURN_TYPE = YES_ERROR;
				GCC_WARN_UNDECLARED_SELECTOR = YES;
				GCC_WARN_UNINITIALIZED_AUTOS = YES_AGGRESSIVE;
				GCC_WARN_UNUSED_FUNCTION = YES;
				GCC_WARN_UNUSED_VARIABLE = YES;
				IPHONEOS_DEPLOYMENT_TARGET = 9.1;
				MTL_ENABLE_DEBUG_INFO = NO;
				SDKROOT = iphoneos;
				VALIDATE_PRODUCT = YES;
			};
			name = Release;
		};
		3F91A4EB1C1A0AEC00C7A3EB /* Debug */ = {
			isa = XCBuildConfiguration;
			buildSettings = {
				ASSETCATALOG_COMPILER_APPICON_NAME = AppIcon;
				INFOPLIST_FILE = MaterialKitSamples/Info.plist;
				LD_RUNPATH_SEARCH_PATHS = "$(inherited) @executable_path/Frameworks";
				PRODUCT_BUNDLE_IDENTIFIER = com.mobitrip.MaterialKitSamples;
				PRODUCT_NAME = "$(TARGET_NAME)";
			};
			name = Debug;
		};
		3F91A4EC1C1A0AEC00C7A3EB /* Release */ = {
			isa = XCBuildConfiguration;
			buildSettings = {
				ASSETCATALOG_COMPILER_APPICON_NAME = AppIcon;
				INFOPLIST_FILE = MaterialKitSamples/Info.plist;
				LD_RUNPATH_SEARCH_PATHS = "$(inherited) @executable_path/Frameworks";
				PRODUCT_BUNDLE_IDENTIFIER = com.mobitrip.MaterialKitSamples;
				PRODUCT_NAME = "$(TARGET_NAME)";
			};
			name = Release;
		};
/* End XCBuildConfiguration section */

/* Begin XCConfigurationList section */
		3F91A4D31C1A0AEC00C7A3EB /* Build configuration list for PBXProject "MaterialKitSamples" */ = {
			isa = XCConfigurationList;
			buildConfigurations = (
				3F91A4E81C1A0AEC00C7A3EB /* Debug */,
				3F91A4E91C1A0AEC00C7A3EB /* Release */,
			);
			defaultConfigurationIsVisible = 0;
			defaultConfigurationName = Release;
		};
		3F91A4EA1C1A0AEC00C7A3EB /* Build configuration list for PBXNativeTarget "MaterialKitSamples" */ = {
			isa = XCConfigurationList;
			buildConfigurations = (
				3F91A4EB1C1A0AEC00C7A3EB /* Debug */,
				3F91A4EC1C1A0AEC00C7A3EB /* Release */,
			);
			defaultConfigurationIsVisible = 0;
		};
/* End XCConfigurationList section */
	};
	rootObject = 3F91A4D01C1A0AEC00C7A3EB /* Project object */;
}
